
Microsoft Visual Studio Solution File, Format Version 12.00
# Visual Studio Version 16
VisualStudioVersion = 16.0.31105.61
MinimumVisualStudioVersion = 10.0.40219.1
Project("{FAE04EC0-301F-11D3-BF4B-00C04F79EFBC}") = "PokemonApi", "PokemonApi\PokemonApi.csproj", "{37CF6C12-1DD6-4B29-A316-1AC42215CC31}"
EndProject
Project("{FAE04EC0-301F-11D3-BF4B-00C04F79EFBC}") = "Tests", "Tests\Tests.csproj", "{D81A0E07-B933-44A1-80DC-A8A1BE9495EF}"
EndProject
Global
	GlobalSection(SolutionConfigurationPlatforms) = preSolution
		Debug|Any CPU = Debug|Any CPU
		Release|Any CPU = Release|Any CPU
	EndGlobalSection
	GlobalSection(ProjectConfigurationPlatforms) = postSolution
		{37CF6C12-1DD6-4B29-A316-1AC42215CC31}.Debug|Any CPU.ActiveCfg = Debug|Any CPU
		{37CF6C12-1DD6-4B29-A316-1AC42215CC31}.Debug|Any CPU.Build.0 = Debug|Any CPU
		{37CF6C12-1DD6-4B29-A316-1AC42215CC31}.Release|Any CPU.ActiveCfg = Release|Any CPU
		{37CF6C12-1DD6-4B29-A316-1AC42215CC31}.Release|Any CPU.Build.0 = Release|Any CPU
		{D81A0E07-B933-44A1-80DC-A8A1BE9495EF}.Debug|Any CPU.ActiveCfg = Debug|Any CPU
		{D81A0E07-B933-44A1-80DC-A8A1BE9495EF}.Debug|Any CPU.Build.0 = Debug|Any CPU
		{D81A0E07-B933-44A1-80DC-A8A1BE9495EF}.Release|Any CPU.ActiveCfg = Release|Any CPU
		{D81A0E07-B933-44A1-80DC-A8A1BE9495EF}.Release|Any CPU.Build.0 = Release|Any CPU
	EndGlobalSection
	GlobalSection(SolutionProperties) = preSolution
		HideSolutionNode = FALSE
	EndGlobalSection
	GlobalSection(ExtensibilityGlobals) = postSolution
		SolutionGuid = {54169C78-9BD6-4EE7-8F6F-D381AC8055BC}
	EndGlobalSection
EndGlobal
